
Microsoft Visual Studio Solution File, Format Version 12.00
# Visual Studio 15
VisualStudioVersion = 15.0.27703.2042
MinimumVisualStudioVersion = 10.0.40219.1
Project("{9A19103F-16F7-4668-BE54-9A1E7A4F7556}") = "RoastedMarketplace", "RoastedMarketplace\RoastedMarketplace.csproj", "{80FAE6D0-34D9-488C-B8C1-91F99469065D}"
EndProject
Project("{9A19103F-16F7-4668-BE54-9A1E7A4F7556}") = "RoastedMarketplace.Core", "RoastedMarketplace.Core\RoastedMarketplace.Core.csproj", "{69B8F7F4-3326-425C-8720-DECB902773E5}"
EndProject
Project("{9A19103F-16F7-4668-BE54-9A1E7A4F7556}") = "RoastedMarketplace.Data", "RoastedMarketplace.Data\RoastedMarketplace.Data.csproj", "{EE9E52C3-B0ED-4023-9C89-87E0C143DC20}"
EndProject
Project("{9A19103F-16F7-4668-BE54-9A1E7A4F7556}") = "RoastedMarketplace.Services", "RoastedMarketplace.Services\RoastedMarketplace.Services.csproj", "{C5C9BABE-E078-4716-A5EE-B17B8DCEAD84}"
EndProject
Project("{2150E333-8FDC-42A3-9474-1A3956D46DE8}") = "Tests", "Tests", "{7B01FA3E-FA4B-4CB7-9B44-27047F7FB67B}"
EndProject
Project("{9A19103F-16F7-4668-BE54-9A1E7A4F7556}") = "RoastedMarketplace.Core.Tests", "Tests\RoastedMarketplace.Core.Tests\RoastedMarketplace.Core.Tests.csproj", "{A0D2A383-52E9-4FC4-8D67-4DE93F4C0FA1}"
EndProject
Project("{9A19103F-16F7-4668-BE54-9A1E7A4F7556}") = "RoastedMarketplace.Services.Tests", "Tests\RoastedMarketplace.Services.Tests\RoastedMarketplace.Services.Tests.csproj", "{CA05CE5C-692E-489D-B243-A60F4C5163B6}"
EndProject
Project("{9A19103F-16F7-4668-BE54-9A1E7A4F7556}") = "RoastedMarketplace.Infrastructure", "RoastedMarketplace.Infrastructure\RoastedMarketplace.Infrastructure.csproj", "{5C7BD3C4-80D3-425D-A587-8A2F3FF2BD89}"
EndProject
Project("{9A19103F-16F7-4668-BE54-9A1E7A4F7556}") = "RoastedMarketplace.Tests.Data", "Tests\RoastedMarketplace.Tests.Data\RoastedMarketplace.Tests.Data.csproj", "{EC8E7E6A-9256-43F3-906B-0B575313919E}"
EndProject
Project("{2150E333-8FDC-42A3-9474-1A3956D46DE8}") = "Plugins", "Plugins", "{FADC9182-0E32-4883-833C-081EC75BA5F5}"
EndProject
Project("{9A19103F-16F7-4668-BE54-9A1E7A4F7556}") = "Payments.PaypalDirect", "Plugins\Payments.PaypalDirect\Payments.PaypalDirect.csproj", "{0E471D60-BE92-4F0C-89B3-1193709C1DA9}"
EndProject
Project("{FAE04EC0-301F-11D3-BF4B-00C04F79EFBC}") = "Shipping.FedEx", "Plugins\Shipping.FedEx\Shipping.FedEx.csproj", "{E3992960-ED94-4B76-9590-3AAF061F129C}"
EndProject
Global
	GlobalSection(SolutionConfigurationPlatforms) = preSolution
		Debug|Any CPU = Debug|Any CPU
		Release|Any CPU = Release|Any CPU
	EndGlobalSection
	GlobalSection(ProjectConfigurationPlatforms) = postSolution
		{80FAE6D0-34D9-488C-B8C1-91F99469065D}.Debug|Any CPU.ActiveCfg = Debug|Any CPU
		{80FAE6D0-34D9-488C-B8C1-91F99469065D}.Debug|Any CPU.Build.0 = Debug|Any CPU
		{80FAE6D0-34D9-488C-B8C1-91F99469065D}.Release|Any CPU.ActiveCfg = Release|Any CPU
		{80FAE6D0-34D9-488C-B8C1-91F99469065D}.Release|Any CPU.Build.0 = Release|Any CPU
		{69B8F7F4-3326-425C-8720-DECB902773E5}.Debug|Any CPU.ActiveCfg = Debug|Any CPU
		{69B8F7F4-3326-425C-8720-DECB902773E5}.Debug|Any CPU.Build.0 = Debug|Any CPU
		{69B8F7F4-3326-425C-8720-DECB902773E5}.Release|Any CPU.ActiveCfg = Release|Any CPU
		{69B8F7F4-3326-425C-8720-DECB902773E5}.Release|Any CPU.Build.0 = Release|Any CPU
		{EE9E52C3-B0ED-4023-9C89-87E0C143DC20}.Debug|Any CPU.ActiveCfg = Debug|Any CPU
		{EE9E52C3-B0ED-4023-9C89-87E0C143DC20}.Debug|Any CPU.Build.0 = Debug|Any CPU
		{EE9E52C3-B0ED-4023-9C89-87E0C143DC20}.Release|Any CPU.ActiveCfg = Release|Any CPU
		{EE9E52C3-B0ED-4023-9C89-87E0C143DC20}.Release|Any CPU.Build.0 = Release|Any CPU
		{C5C9BABE-E078-4716-A5EE-B17B8DCEAD84}.Debug|Any CPU.ActiveCfg = Debug|Any CPU
		{C5C9BABE-E078-4716-A5EE-B17B8DCEAD84}.Debug|Any CPU.Build.0 = Debug|Any CPU
		{C5C9BABE-E078-4716-A5EE-B17B8DCEAD84}.Release|Any CPU.ActiveCfg = Release|Any CPU
		{C5C9BABE-E078-4716-A5EE-B17B8DCEAD84}.Release|Any CPU.Build.0 = Release|Any CPU
		{A0D2A383-52E9-4FC4-8D67-4DE93F4C0FA1}.Debug|Any CPU.ActiveCfg = Debug|Any CPU
		{A0D2A383-52E9-4FC4-8D67-4DE93F4C0FA1}.Debug|Any CPU.Build.0 = Debug|Any CPU
		{A0D2A383-52E9-4FC4-8D67-4DE93F4C0FA1}.Release|Any CPU.ActiveCfg = Release|Any CPU
		{A0D2A383-52E9-4FC4-8D67-4DE93F4C0FA1}.Release|Any CPU.Build.0 = Release|Any CPU
		{CA05CE5C-692E-489D-B243-A60F4C5163B6}.Debug|Any CPU.ActiveCfg = Debug|Any CPU
		{CA05CE5C-692E-489D-B243-A60F4C5163B6}.Debug|Any CPU.Build.0 = Debug|Any CPU
		{CA05CE5C-692E-489D-B243-A60F4C5163B6}.Release|Any CPU.ActiveCfg = Release|Any CPU
		{CA05CE5C-692E-489D-B243-A60F4C5163B6}.Release|Any CPU.Build.0 = Release|Any CPU
		{5C7BD3C4-80D3-425D-A587-8A2F3FF2BD89}.Debug|Any CPU.ActiveCfg = Debug|Any CPU
		{5C7BD3C4-80D3-425D-A587-8A2F3FF2BD89}.Debug|Any CPU.Build.0 = Debug|Any CPU
		{5C7BD3C4-80D3-425D-A587-8A2F3FF2BD89}.Release|Any CPU.ActiveCfg = Release|Any CPU
		{5C7BD3C4-80D3-425D-A587-8A2F3FF2BD89}.Release|Any CPU.Build.0 = Release|Any CPU
		{EC8E7E6A-9256-43F3-906B-0B575313919E}.Debug|Any CPU.ActiveCfg = Debug|Any CPU
		{EC8E7E6A-9256-43F3-906B-0B575313919E}.Debug|Any CPU.Build.0 = Debug|Any CPU
		{EC8E7E6A-9256-43F3-906B-0B575313919E}.Release|Any CPU.ActiveCfg = Release|Any CPU
		{EC8E7E6A-9256-43F3-906B-0B575313919E}.Release|Any CPU.Build.0 = Release|Any CPU
		{0E471D60-BE92-4F0C-89B3-1193709C1DA9}.Debug|Any CPU.ActiveCfg = Debug|Any CPU
		{0E471D60-BE92-4F0C-89B3-1193709C1DA9}.Debug|Any CPU.Build.0 = Debug|Any CPU
		{0E471D60-BE92-4F0C-89B3-1193709C1DA9}.Release|Any CPU.ActiveCfg = Release|Any CPU
		{0E471D60-BE92-4F0C-89B3-1193709C1DA9}.Release|Any CPU.Build.0 = Release|Any CPU
		{E3992960-ED94-4B76-9590-3AAF061F129C}.Debug|Any CPU.ActiveCfg = Debug|Any CPU
		{E3992960-ED94-4B76-9590-3AAF061F129C}.Debug|Any CPU.Build.0 = Debug|Any CPU
		{E3992960-ED94-4B76-9590-3AAF061F129C}.Release|Any CPU.ActiveCfg = Release|Any CPU
		{E3992960-ED94-4B76-9590-3AAF061F129C}.Release|Any CPU.Build.0 = Release|Any CPU
	EndGlobalSection
	GlobalSection(SolutionProperties) = preSolution
		HideSolutionNode = FALSE
	EndGlobalSection
	GlobalSection(NestedProjects) = preSolution
		{A0D2A383-52E9-4FC4-8D67-4DE93F4C0FA1} = {7B01FA3E-FA4B-4CB7-9B44-27047F7FB67B}
		{CA05CE5C-692E-489D-B243-A60F4C5163B6} = {7B01FA3E-FA4B-4CB7-9B44-27047F7FB67B}
		{EC8E7E6A-9256-43F3-906B-0B575313919E} = {7B01FA3E-FA4B-4CB7-9B44-27047F7FB67B}
		{0E471D60-BE92-4F0C-89B3-1193709C1DA9} = {FADC9182-0E32-4883-833C-081EC75BA5F5}
		{E3992960-ED94-4B76-9590-3AAF061F129C} = {FADC9182-0E32-4883-833C-081EC75BA5F5}
	EndGlobalSection
	GlobalSection(ExtensibilityGlobals) = postSolution
		SolutionGuid = {646273F8-A252-4654-8A29-F5380A2FCDB0}
	EndGlobalSection
EndGlobal
