
Microsoft Visual Studio Solution File, Format Version 12.00
# Visual Studio Version 16
VisualStudioVersion = 16.0.29519.181
MinimumVisualStudioVersion = 10.0.40219.1
Project("{9A19103F-16F7-4668-BE54-9A1E7A4F7556}") = "EvenCart", "EvenCart\EvenCart.csproj", "{80FAE6D0-34D9-488C-B8C1-91F99469065D}"
EndProject
Project("{9A19103F-16F7-4668-BE54-9A1E7A4F7556}") = "EvenCart.Core", "EvenCart.Core\EvenCart.Core.csproj", "{69B8F7F4-3326-425C-8720-DECB902773E5}"
EndProject
Project("{9A19103F-16F7-4668-BE54-9A1E7A4F7556}") = "EvenCart.Data", "EvenCart.Data\EvenCart.Data.csproj", "{EE9E52C3-B0ED-4023-9C89-87E0C143DC20}"
EndProject
Project("{2150E333-8FDC-42A3-9474-1A3956D46DE8}") = "Tests", "Tests", "{7B01FA3E-FA4B-4CB7-9B44-27047F7FB67B}"
EndProject
Project("{9A19103F-16F7-4668-BE54-9A1E7A4F7556}") = "EvenCart.Common.Tests", "Tests\EvenCart.Core.Tests\EvenCart.Common.Tests.csproj", "{A0D2A383-52E9-4FC4-8D67-4DE93F4C0FA1}"
EndProject
Project("{9A19103F-16F7-4668-BE54-9A1E7A4F7556}") = "EvenCart.Services.Tests", "Tests\EvenCart.Services.Tests\EvenCart.Services.Tests.csproj", "{CA05CE5C-692E-489D-B243-A60F4C5163B6}"
EndProject
Project("{9A19103F-16F7-4668-BE54-9A1E7A4F7556}") = "EvenCart.Infrastructure", "EvenCart.Infrastructure\EvenCart.Infrastructure.csproj", "{5C7BD3C4-80D3-425D-A587-8A2F3FF2BD89}"
EndProject
Project("{9A19103F-16F7-4668-BE54-9A1E7A4F7556}") = "EvenCart.Tests.Data", "Tests\EvenCart.Tests.Data\EvenCart.Tests.Data.csproj", "{EC8E7E6A-9256-43F3-906B-0B575313919E}"
EndProject
Project("{2150E333-8FDC-42A3-9474-1A3956D46DE8}") = "Plugins", "Plugins", "{FADC9182-0E32-4883-833C-081EC75BA5F5}"
EndProject
Project("{9A19103F-16F7-4668-BE54-9A1E7A4F7556}") = "Shipping.FedEx", "Plugins\Shipping.FedEx\Shipping.FedEx.csproj", "{E3992960-ED94-4B76-9590-3AAF061F129C}"
EndProject
Project("{9A19103F-16F7-4668-BE54-9A1E7A4F7556}") = "Ui.Slider", "Plugins\Ui.Slider\Ui.Slider.csproj", "{6B272832-8C62-4B95-9615-F54FCD96F2DB}"
EndProject
Project("{9A19103F-16F7-4668-BE54-9A1E7A4F7556}") = "Payments.PaypalWithRedirect", "Plugins\Payments.PaypalWithRedirect\Payments.PaypalWithRedirect.csproj", "{91BA7EEF-EB02-46E9-BCB6-BB27463270B2}"
EndProject
Project("{9A19103F-16F7-4668-BE54-9A1E7A4F7556}") = "EvenCart.Services", "EvenCart.Services\EvenCart.Services.csproj", "{7BF02EED-4F28-447C-952A-395E53710D7E}"
EndProject
Project("{9A19103F-16F7-4668-BE54-9A1E7A4F7556}") = "Shipping.UPS", "Plugins\Shipping.UPS\Shipping.UPS.csproj", "{942A748E-770A-43B7-A805-01D75D014AF5}"
EndProject
Project("{2150E333-8FDC-42A3-9474-1A3956D46DE8}") = "Build", "Build", "{3545BB05-0273-4C20-B232-C9BA08E9A939}"
EndProject
Project("{FAE04EC0-301F-11D3-BF4B-00C04F79EFBC}") = "Cleanup", "Build\Cleanup\Cleanup.csproj", "{E2C1EBE3-98F1-42FF-9BB1-D2B171E10471}"
EndProject
Project("{9A19103F-16F7-4668-BE54-9A1E7A4F7556}") = "Payments.Stripe", "Plugins\Payments.Stripe\Payments.Stripe.csproj", "{45FAEA43-BBC4-4C3A-8138-68B0B555DE17}"
EndProject
Project("{9A19103F-16F7-4668-BE54-9A1E7A4F7556}") = "Ui.SearchPlus", "Plugins\Ui.SearchPlus\Ui.SearchPlus.csproj", "{69F4380E-5EBC-4920-901A-07FF0235CE9F}"
EndProject
Project("{9A19103F-16F7-4668-BE54-9A1E7A4F7556}") = "Payments.Square", "Plugins\Payments.Square\Payments.Square.csproj", "{E5511A3A-F248-4D42-BD1C-0DEED6FB5267}"
EndProject
Project("{9A19103F-16F7-4668-BE54-9A1E7A4F7556}") = "EvenCart.Tests.Runner", "Tests\EvenCart.Tests.Runner\EvenCart.Tests.Runner.csproj", "{1B18208B-8A74-4E54-915D-43EAAA61744B}"
EndProject
Global
	GlobalSection(SolutionConfigurationPlatforms) = preSolution
		Debug|Any CPU = Debug|Any CPU
		DebugWithSwagger|Any CPU = DebugWithSwagger|Any CPU
		Release|Any CPU = Release|Any CPU
		ReleaseForDemo|Any CPU = ReleaseForDemo|Any CPU
	EndGlobalSection
	GlobalSection(ProjectConfigurationPlatforms) = postSolution
		{80FAE6D0-34D9-488C-B8C1-91F99469065D}.Debug|Any CPU.ActiveCfg = Debug|Any CPU
		{80FAE6D0-34D9-488C-B8C1-91F99469065D}.Debug|Any CPU.Build.0 = Debug|Any CPU
		{80FAE6D0-34D9-488C-B8C1-91F99469065D}.DebugWithSwagger|Any CPU.ActiveCfg = DebugWithSwagger|Any CPU
		{80FAE6D0-34D9-488C-B8C1-91F99469065D}.DebugWithSwagger|Any CPU.Build.0 = DebugWithSwagger|Any CPU
		{80FAE6D0-34D9-488C-B8C1-91F99469065D}.Release|Any CPU.ActiveCfg = Release|Any CPU
		{80FAE6D0-34D9-488C-B8C1-91F99469065D}.Release|Any CPU.Build.0 = Release|Any CPU
		{80FAE6D0-34D9-488C-B8C1-91F99469065D}.ReleaseForDemo|Any CPU.ActiveCfg = ReleaseForDemo|Any CPU
		{80FAE6D0-34D9-488C-B8C1-91F99469065D}.ReleaseForDemo|Any CPU.Build.0 = ReleaseForDemo|Any CPU
		{69B8F7F4-3326-425C-8720-DECB902773E5}.Debug|Any CPU.ActiveCfg = Debug|Any CPU
		{69B8F7F4-3326-425C-8720-DECB902773E5}.Debug|Any CPU.Build.0 = Debug|Any CPU
		{69B8F7F4-3326-425C-8720-DECB902773E5}.DebugWithSwagger|Any CPU.ActiveCfg = DebugWithSwagger|Any CPU
		{69B8F7F4-3326-425C-8720-DECB902773E5}.DebugWithSwagger|Any CPU.Build.0 = DebugWithSwagger|Any CPU
		{69B8F7F4-3326-425C-8720-DECB902773E5}.Release|Any CPU.ActiveCfg = Release|Any CPU
		{69B8F7F4-3326-425C-8720-DECB902773E5}.Release|Any CPU.Build.0 = Release|Any CPU
		{69B8F7F4-3326-425C-8720-DECB902773E5}.ReleaseForDemo|Any CPU.ActiveCfg = ReleaseForDemo|Any CPU
		{69B8F7F4-3326-425C-8720-DECB902773E5}.ReleaseForDemo|Any CPU.Build.0 = ReleaseForDemo|Any CPU
		{EE9E52C3-B0ED-4023-9C89-87E0C143DC20}.Debug|Any CPU.ActiveCfg = Debug|Any CPU
		{EE9E52C3-B0ED-4023-9C89-87E0C143DC20}.Debug|Any CPU.Build.0 = Debug|Any CPU
		{EE9E52C3-B0ED-4023-9C89-87E0C143DC20}.DebugWithSwagger|Any CPU.ActiveCfg = DebugWithSwagger|Any CPU
		{EE9E52C3-B0ED-4023-9C89-87E0C143DC20}.DebugWithSwagger|Any CPU.Build.0 = DebugWithSwagger|Any CPU
		{EE9E52C3-B0ED-4023-9C89-87E0C143DC20}.Release|Any CPU.ActiveCfg = Release|Any CPU
		{EE9E52C3-B0ED-4023-9C89-87E0C143DC20}.Release|Any CPU.Build.0 = Release|Any CPU
		{EE9E52C3-B0ED-4023-9C89-87E0C143DC20}.ReleaseForDemo|Any CPU.ActiveCfg = ReleaseForDemo|Any CPU
		{EE9E52C3-B0ED-4023-9C89-87E0C143DC20}.ReleaseForDemo|Any CPU.Build.0 = ReleaseForDemo|Any CPU
		{A0D2A383-52E9-4FC4-8D67-4DE93F4C0FA1}.Debug|Any CPU.ActiveCfg = Debug|Any CPU
		{A0D2A383-52E9-4FC4-8D67-4DE93F4C0FA1}.Debug|Any CPU.Build.0 = Debug|Any CPU
		{A0D2A383-52E9-4FC4-8D67-4DE93F4C0FA1}.DebugWithSwagger|Any CPU.ActiveCfg = DebugWithSwagger|Any CPU
		{A0D2A383-52E9-4FC4-8D67-4DE93F4C0FA1}.DebugWithSwagger|Any CPU.Build.0 = DebugWithSwagger|Any CPU
		{A0D2A383-52E9-4FC4-8D67-4DE93F4C0FA1}.Release|Any CPU.ActiveCfg = Release|Any CPU
		{A0D2A383-52E9-4FC4-8D67-4DE93F4C0FA1}.Release|Any CPU.Build.0 = Release|Any CPU
		{A0D2A383-52E9-4FC4-8D67-4DE93F4C0FA1}.ReleaseForDemo|Any CPU.ActiveCfg = ReleaseForDemo|Any CPU
		{A0D2A383-52E9-4FC4-8D67-4DE93F4C0FA1}.ReleaseForDemo|Any CPU.Build.0 = ReleaseForDemo|Any CPU
		{CA05CE5C-692E-489D-B243-A60F4C5163B6}.Debug|Any CPU.ActiveCfg = Debug|Any CPU
		{CA05CE5C-692E-489D-B243-A60F4C5163B6}.Debug|Any CPU.Build.0 = Debug|Any CPU
		{CA05CE5C-692E-489D-B243-A60F4C5163B6}.DebugWithSwagger|Any CPU.ActiveCfg = DebugWithSwagger|Any CPU
		{CA05CE5C-692E-489D-B243-A60F4C5163B6}.DebugWithSwagger|Any CPU.Build.0 = DebugWithSwagger|Any CPU
		{CA05CE5C-692E-489D-B243-A60F4C5163B6}.Release|Any CPU.ActiveCfg = Release|Any CPU
		{CA05CE5C-692E-489D-B243-A60F4C5163B6}.Release|Any CPU.Build.0 = Release|Any CPU
		{CA05CE5C-692E-489D-B243-A60F4C5163B6}.ReleaseForDemo|Any CPU.ActiveCfg = ReleaseForDemo|Any CPU
		{CA05CE5C-692E-489D-B243-A60F4C5163B6}.ReleaseForDemo|Any CPU.Build.0 = ReleaseForDemo|Any CPU
		{5C7BD3C4-80D3-425D-A587-8A2F3FF2BD89}.Debug|Any CPU.ActiveCfg = Debug|Any CPU
		{5C7BD3C4-80D3-425D-A587-8A2F3FF2BD89}.Debug|Any CPU.Build.0 = Debug|Any CPU
		{5C7BD3C4-80D3-425D-A587-8A2F3FF2BD89}.DebugWithSwagger|Any CPU.ActiveCfg = DebugWithSwagger|Any CPU
		{5C7BD3C4-80D3-425D-A587-8A2F3FF2BD89}.DebugWithSwagger|Any CPU.Build.0 = DebugWithSwagger|Any CPU
		{5C7BD3C4-80D3-425D-A587-8A2F3FF2BD89}.Release|Any CPU.ActiveCfg = Release|Any CPU
		{5C7BD3C4-80D3-425D-A587-8A2F3FF2BD89}.Release|Any CPU.Build.0 = Release|Any CPU
		{5C7BD3C4-80D3-425D-A587-8A2F3FF2BD89}.ReleaseForDemo|Any CPU.ActiveCfg = ReleaseForDemo|Any CPU
		{5C7BD3C4-80D3-425D-A587-8A2F3FF2BD89}.ReleaseForDemo|Any CPU.Build.0 = ReleaseForDemo|Any CPU
		{EC8E7E6A-9256-43F3-906B-0B575313919E}.Debug|Any CPU.ActiveCfg = Debug|Any CPU
		{EC8E7E6A-9256-43F3-906B-0B575313919E}.Debug|Any CPU.Build.0 = Debug|Any CPU
		{EC8E7E6A-9256-43F3-906B-0B575313919E}.DebugWithSwagger|Any CPU.ActiveCfg = DebugWithSwagger|Any CPU
		{EC8E7E6A-9256-43F3-906B-0B575313919E}.DebugWithSwagger|Any CPU.Build.0 = DebugWithSwagger|Any CPU
		{EC8E7E6A-9256-43F3-906B-0B575313919E}.Release|Any CPU.ActiveCfg = Release|Any CPU
		{EC8E7E6A-9256-43F3-906B-0B575313919E}.Release|Any CPU.Build.0 = Release|Any CPU
		{EC8E7E6A-9256-43F3-906B-0B575313919E}.ReleaseForDemo|Any CPU.ActiveCfg = ReleaseForDemo|Any CPU
		{EC8E7E6A-9256-43F3-906B-0B575313919E}.ReleaseForDemo|Any CPU.Build.0 = ReleaseForDemo|Any CPU
		{E3992960-ED94-4B76-9590-3AAF061F129C}.Debug|Any CPU.ActiveCfg = Debug|Any CPU
		{E3992960-ED94-4B76-9590-3AAF061F129C}.Debug|Any CPU.Build.0 = Debug|Any CPU
		{E3992960-ED94-4B76-9590-3AAF061F129C}.DebugWithSwagger|Any CPU.ActiveCfg = DebugWithSwagger|Any CPU
		{E3992960-ED94-4B76-9590-3AAF061F129C}.DebugWithSwagger|Any CPU.Build.0 = DebugWithSwagger|Any CPU
		{E3992960-ED94-4B76-9590-3AAF061F129C}.Release|Any CPU.ActiveCfg = Release|Any CPU
		{E3992960-ED94-4B76-9590-3AAF061F129C}.Release|Any CPU.Build.0 = Release|Any CPU
		{E3992960-ED94-4B76-9590-3AAF061F129C}.ReleaseForDemo|Any CPU.ActiveCfg = ReleaseForDemo|Any CPU
		{E3992960-ED94-4B76-9590-3AAF061F129C}.ReleaseForDemo|Any CPU.Build.0 = ReleaseForDemo|Any CPU
		{6B272832-8C62-4B95-9615-F54FCD96F2DB}.Debug|Any CPU.ActiveCfg = Debug|Any CPU
		{6B272832-8C62-4B95-9615-F54FCD96F2DB}.Debug|Any CPU.Build.0 = Debug|Any CPU
		{6B272832-8C62-4B95-9615-F54FCD96F2DB}.DebugWithSwagger|Any CPU.ActiveCfg = DebugWithSwagger|Any CPU
		{6B272832-8C62-4B95-9615-F54FCD96F2DB}.DebugWithSwagger|Any CPU.Build.0 = DebugWithSwagger|Any CPU
		{6B272832-8C62-4B95-9615-F54FCD96F2DB}.Release|Any CPU.ActiveCfg = Release|Any CPU
		{6B272832-8C62-4B95-9615-F54FCD96F2DB}.Release|Any CPU.Build.0 = Release|Any CPU
		{6B272832-8C62-4B95-9615-F54FCD96F2DB}.ReleaseForDemo|Any CPU.ActiveCfg = ReleaseForDemo|Any CPU
		{6B272832-8C62-4B95-9615-F54FCD96F2DB}.ReleaseForDemo|Any CPU.Build.0 = ReleaseForDemo|Any CPU
		{91BA7EEF-EB02-46E9-BCB6-BB27463270B2}.Debug|Any CPU.ActiveCfg = Debug|Any CPU
		{91BA7EEF-EB02-46E9-BCB6-BB27463270B2}.Debug|Any CPU.Build.0 = Debug|Any CPU
		{91BA7EEF-EB02-46E9-BCB6-BB27463270B2}.DebugWithSwagger|Any CPU.ActiveCfg = DebugWithSwagger|Any CPU
		{91BA7EEF-EB02-46E9-BCB6-BB27463270B2}.DebugWithSwagger|Any CPU.Build.0 = DebugWithSwagger|Any CPU
		{91BA7EEF-EB02-46E9-BCB6-BB27463270B2}.Release|Any CPU.ActiveCfg = Release|Any CPU
		{91BA7EEF-EB02-46E9-BCB6-BB27463270B2}.Release|Any CPU.Build.0 = Release|Any CPU
		{91BA7EEF-EB02-46E9-BCB6-BB27463270B2}.ReleaseForDemo|Any CPU.ActiveCfg = ReleaseForDemo|Any CPU
		{91BA7EEF-EB02-46E9-BCB6-BB27463270B2}.ReleaseForDemo|Any CPU.Build.0 = ReleaseForDemo|Any CPU
		{7BF02EED-4F28-447C-952A-395E53710D7E}.Debug|Any CPU.ActiveCfg = Debug|Any CPU
		{7BF02EED-4F28-447C-952A-395E53710D7E}.Debug|Any CPU.Build.0 = Debug|Any CPU
		{7BF02EED-4F28-447C-952A-395E53710D7E}.DebugWithSwagger|Any CPU.ActiveCfg = DebugWithSwagger|Any CPU
		{7BF02EED-4F28-447C-952A-395E53710D7E}.DebugWithSwagger|Any CPU.Build.0 = DebugWithSwagger|Any CPU
		{7BF02EED-4F28-447C-952A-395E53710D7E}.Release|Any CPU.ActiveCfg = Release|Any CPU
		{7BF02EED-4F28-447C-952A-395E53710D7E}.Release|Any CPU.Build.0 = Release|Any CPU
		{7BF02EED-4F28-447C-952A-395E53710D7E}.ReleaseForDemo|Any CPU.ActiveCfg = ReleaseForDemo|Any CPU
		{7BF02EED-4F28-447C-952A-395E53710D7E}.ReleaseForDemo|Any CPU.Build.0 = ReleaseForDemo|Any CPU
		{942A748E-770A-43B7-A805-01D75D014AF5}.Debug|Any CPU.ActiveCfg = Debug|Any CPU
		{942A748E-770A-43B7-A805-01D75D014AF5}.Debug|Any CPU.Build.0 = Debug|Any CPU
		{942A748E-770A-43B7-A805-01D75D014AF5}.DebugWithSwagger|Any CPU.ActiveCfg = DebugWithSwagger|Any CPU
		{942A748E-770A-43B7-A805-01D75D014AF5}.DebugWithSwagger|Any CPU.Build.0 = DebugWithSwagger|Any CPU
		{942A748E-770A-43B7-A805-01D75D014AF5}.Release|Any CPU.ActiveCfg = Release|Any CPU
		{942A748E-770A-43B7-A805-01D75D014AF5}.Release|Any CPU.Build.0 = Release|Any CPU
		{942A748E-770A-43B7-A805-01D75D014AF5}.ReleaseForDemo|Any CPU.ActiveCfg = ReleaseForDemo|Any CPU
		{942A748E-770A-43B7-A805-01D75D014AF5}.ReleaseForDemo|Any CPU.Build.0 = ReleaseForDemo|Any CPU
		{E2C1EBE3-98F1-42FF-9BB1-D2B171E10471}.Debug|Any CPU.ActiveCfg = Debug|Any CPU
		{E2C1EBE3-98F1-42FF-9BB1-D2B171E10471}.Debug|Any CPU.Build.0 = Debug|Any CPU
		{E2C1EBE3-98F1-42FF-9BB1-D2B171E10471}.DebugWithSwagger|Any CPU.ActiveCfg = Debug|Any CPU
		{E2C1EBE3-98F1-42FF-9BB1-D2B171E10471}.DebugWithSwagger|Any CPU.Build.0 = Debug|Any CPU
		{E2C1EBE3-98F1-42FF-9BB1-D2B171E10471}.Release|Any CPU.ActiveCfg = Release|Any CPU
		{E2C1EBE3-98F1-42FF-9BB1-D2B171E10471}.Release|Any CPU.Build.0 = Release|Any CPU
		{E2C1EBE3-98F1-42FF-9BB1-D2B171E10471}.ReleaseForDemo|Any CPU.ActiveCfg = ReleaseForDemo|Any CPU
		{E2C1EBE3-98F1-42FF-9BB1-D2B171E10471}.ReleaseForDemo|Any CPU.Build.0 = ReleaseForDemo|Any CPU
		{45FAEA43-BBC4-4C3A-8138-68B0B555DE17}.Debug|Any CPU.ActiveCfg = Debug|Any CPU
		{45FAEA43-BBC4-4C3A-8138-68B0B555DE17}.Debug|Any CPU.Build.0 = Debug|Any CPU
		{45FAEA43-BBC4-4C3A-8138-68B0B555DE17}.DebugWithSwagger|Any CPU.ActiveCfg = DebugWithSwagger|Any CPU
		{45FAEA43-BBC4-4C3A-8138-68B0B555DE17}.DebugWithSwagger|Any CPU.Build.0 = DebugWithSwagger|Any CPU
		{45FAEA43-BBC4-4C3A-8138-68B0B555DE17}.Release|Any CPU.ActiveCfg = Release|Any CPU
		{45FAEA43-BBC4-4C3A-8138-68B0B555DE17}.Release|Any CPU.Build.0 = Release|Any CPU
		{45FAEA43-BBC4-4C3A-8138-68B0B555DE17}.ReleaseForDemo|Any CPU.ActiveCfg = ReleaseForDemo|Any CPU
		{69F4380E-5EBC-4920-901A-07FF0235CE9F}.Debug|Any CPU.ActiveCfg = Debug|Any CPU
		{69F4380E-5EBC-4920-901A-07FF0235CE9F}.Debug|Any CPU.Build.0 = Debug|Any CPU
		{69F4380E-5EBC-4920-901A-07FF0235CE9F}.DebugWithSwagger|Any CPU.ActiveCfg = DebugWithSwagger|Any CPU
		{69F4380E-5EBC-4920-901A-07FF0235CE9F}.DebugWithSwagger|Any CPU.Build.0 = DebugWithSwagger|Any CPU
		{69F4380E-5EBC-4920-901A-07FF0235CE9F}.Release|Any CPU.ActiveCfg = Release|Any CPU
		{69F4380E-5EBC-4920-901A-07FF0235CE9F}.Release|Any CPU.Build.0 = Release|Any CPU
		{69F4380E-5EBC-4920-901A-07FF0235CE9F}.ReleaseForDemo|Any CPU.ActiveCfg = ReleaseForDemo|Any CPU
		{69F4380E-5EBC-4920-901A-07FF0235CE9F}.ReleaseForDemo|Any CPU.Build.0 = ReleaseForDemo|Any CPU
		{E5511A3A-F248-4D42-BD1C-0DEED6FB5267}.Debug|Any CPU.ActiveCfg = Debug|Any CPU
		{E5511A3A-F248-4D42-BD1C-0DEED6FB5267}.Debug|Any CPU.Build.0 = Debug|Any CPU
		{E5511A3A-F248-4D42-BD1C-0DEED6FB5267}.DebugWithSwagger|Any CPU.ActiveCfg = DebugWithSwagger|Any CPU
		{E5511A3A-F248-4D42-BD1C-0DEED6FB5267}.DebugWithSwagger|Any CPU.Build.0 = DebugWithSwagger|Any CPU
		{E5511A3A-F248-4D42-BD1C-0DEED6FB5267}.Release|Any CPU.ActiveCfg = Release|Any CPU
		{E5511A3A-F248-4D42-BD1C-0DEED6FB5267}.Release|Any CPU.Build.0 = Release|Any CPU
		{E5511A3A-F248-4D42-BD1C-0DEED6FB5267}.ReleaseForDemo|Any CPU.ActiveCfg = ReleaseForDemo|Any CPU
		{E5511A3A-F248-4D42-BD1C-0DEED6FB5267}.ReleaseForDemo|Any CPU.Build.0 = ReleaseForDemo|Any CPU
		{1B18208B-8A74-4E54-915D-43EAAA61744B}.Debug|Any CPU.ActiveCfg = Debug|Any CPU
		{1B18208B-8A74-4E54-915D-43EAAA61744B}.Debug|Any CPU.Build.0 = Debug|Any CPU
		{1B18208B-8A74-4E54-915D-43EAAA61744B}.DebugWithSwagger|Any CPU.ActiveCfg = Debug|Any CPU
		{1B18208B-8A74-4E54-915D-43EAAA61744B}.DebugWithSwagger|Any CPU.Build.0 = Debug|Any CPU
		{1B18208B-8A74-4E54-915D-43EAAA61744B}.Release|Any CPU.ActiveCfg = Release|Any CPU
		{1B18208B-8A74-4E54-915D-43EAAA61744B}.Release|Any CPU.Build.0 = Release|Any CPU
		{1B18208B-8A74-4E54-915D-43EAAA61744B}.ReleaseForDemo|Any CPU.ActiveCfg = Release|Any CPU
		{1B18208B-8A74-4E54-915D-43EAAA61744B}.ReleaseForDemo|Any CPU.Build.0 = Release|Any CPU
	EndGlobalSection
	GlobalSection(SolutionProperties) = preSolution
		HideSolutionNode = FALSE
	EndGlobalSection
	GlobalSection(NestedProjects) = preSolution
		{A0D2A383-52E9-4FC4-8D67-4DE93F4C0FA1} = {7B01FA3E-FA4B-4CB7-9B44-27047F7FB67B}
		{CA05CE5C-692E-489D-B243-A60F4C5163B6} = {7B01FA3E-FA4B-4CB7-9B44-27047F7FB67B}
		{EC8E7E6A-9256-43F3-906B-0B575313919E} = {7B01FA3E-FA4B-4CB7-9B44-27047F7FB67B}
		{E3992960-ED94-4B76-9590-3AAF061F129C} = {FADC9182-0E32-4883-833C-081EC75BA5F5}
		{6B272832-8C62-4B95-9615-F54FCD96F2DB} = {FADC9182-0E32-4883-833C-081EC75BA5F5}
		{91BA7EEF-EB02-46E9-BCB6-BB27463270B2} = {FADC9182-0E32-4883-833C-081EC75BA5F5}
		{942A748E-770A-43B7-A805-01D75D014AF5} = {FADC9182-0E32-4883-833C-081EC75BA5F5}
		{E2C1EBE3-98F1-42FF-9BB1-D2B171E10471} = {3545BB05-0273-4C20-B232-C9BA08E9A939}
		{45FAEA43-BBC4-4C3A-8138-68B0B555DE17} = {FADC9182-0E32-4883-833C-081EC75BA5F5}
		{69F4380E-5EBC-4920-901A-07FF0235CE9F} = {FADC9182-0E32-4883-833C-081EC75BA5F5}
		{E5511A3A-F248-4D42-BD1C-0DEED6FB5267} = {FADC9182-0E32-4883-833C-081EC75BA5F5}
		{1B18208B-8A74-4E54-915D-43EAAA61744B} = {7B01FA3E-FA4B-4CB7-9B44-27047F7FB67B}
	EndGlobalSection
	GlobalSection(ExtensibilityGlobals) = postSolution
		SolutionGuid = {646273F8-A252-4654-8A29-F5380A2FCDB0}
	EndGlobalSection
EndGlobal
